# This file is autogenerated, do not edit; changes may be undone by the next 'dep ensure'.


[[projects]]
  branch = "master"
  digest = "1:4d368356f7f848b9a37bd57250b5618be1574d9d996600d450bdd0954d0baae0"
  name = "github.com/XMNBlockchain/xmnsuite"
  packages = ["tools/tests"]
  pruneopts = "UT"
  revision = "fe63356a5f102004eff5786822cd76158aa352cc"

[[projects]]
  digest = "1:ffe9824d294da03b391f44e1ae8281281b4afc1bdaa9588c9097785e3af10cec"
  name = "github.com/davecgh/go-spew"
  packages = ["spew"]
  pruneopts = "UT"
  revision = "8991bc29aa16c548c550c7ff78260e27b9ab7c73"
  version = "v1.1.1"

[[projects]]
  digest = "1:704b145137b5555c6bac6a7e52875e4df8a0a1b7ea74aaae864abcab61e672b0"
  name = "github.com/go-kit/kit"
  packages = [
    "log",
    "log/level",
    "log/term",
  ]
  pruneopts = "UT"
  revision = "4dc7be5d2d12881735283bcab7352178e190fc71"
  version = "v0.6.0"

[[projects]]
  digest = "1:31a18dae27a29aa074515e43a443abfd2ba6deb6d69309d8d7ce789c45f34659"
  name = "github.com/go-logfmt/logfmt"
  packages = ["."]
  pruneopts = "UT"
  revision = "390ab7935ee28ec6b286364bba9b4dd6410cb3d5"
  version = "v0.3.0"

[[projects]]
  digest = "1:c4a2528ccbcabf90f9f3c464a5fc9e302d592861bbfd0b7135a7de8a943d0406"
  name = "github.com/go-stack/stack"
  packages = ["."]
  pruneopts = "UT"
  revision = "259ab82a6cad3992b4e21ff5cac294ccb06474bc"
  version = "v1.7.0"

[[projects]]
  digest = "1:bfc758d5a03d57d97226fac6934551c01bd76612adb119c177395b057a0a46db"
  name = "github.com/gogo/protobuf"
  packages = [
    "gogoproto",
    "proto",
    "protoc-gen-gogo/descriptor",
  ]
  pruneopts = "UT"
  revision = "636bf0302bc95575d69441b25a2603156ffdddf1"
  version = "v1.1.1"

[[projects]]
  digest = "1:15042ad3498153684d09f393bbaec6b216c8eec6d61f63dff711de7d64ed8861"
  name = "github.com/golang/protobuf"
  packages = ["proto"]
  pruneopts = "UT"
  revision = "b4deda0973fb4c70b50d226b1af49f3da59f5265"
  version = "v1.1.0"

[[projects]]
  branch = "master"
  digest = "1:a64e323dc06b73892e5bb5d040ced475c4645d456038333883f58934abbf6f72"
  name = "github.com/kr/logfmt"
  packages = ["."]
  pruneopts = "UT"
  revision = "b84e30acd515aadc4b783ad4ff83aff3299bdfe0"

[[projects]]
  digest = "1:40e195917a951a8bf867cd05de2a46aaf1806c50cf92eebf4c16f78cd196f747"
  name = "github.com/pkg/errors"
  packages = ["."]
  pruneopts = "UT"
  revision = "645ef00459ed84a119197bfb8d8205042c6df63d"
  version = "v0.8.0"

[[projects]]
  digest = "1:274f67cb6fed9588ea2521ecdac05a6d62a8c51c074c1fccc6a49a40ba80e925"
  name = "github.com/satori/go.uuid"
  packages = ["."]
  pruneopts = "UT"
  revision = "f58768cc1a7a7e77a3bd49e98cdd21419399b6a3"
  version = "v1.2.0"

[[projects]]
  branch = "master"
  digest = "1:087aaa7920e5d0bf79586feb57ce01c35c830396ab4392798112e8aae8c47722"
  name = "github.com/tendermint/ed25519"
  packages = [
    ".",
    "edwards25519",
    "extra25519",
  ]
  pruneopts = "UT"
  revision = "d8387025d2b9d158cf4efb07e7ebf814bcce2057"

[[projects]]
  digest = "1:e9113641c839c21d8eaeb2c907c7276af1eddeed988df8322168c56b7e06e0e1"
  name = "github.com/tendermint/go-amino"
  packages = ["."]
  pruneopts = "UT"
  revision = "2106ca61d91029c931fd54968c2bb02dc96b1412"
  version = "0.10.1"

[[projects]]
  digest = "1:5c0afad11485fdd88c6b86e0a8777d5bc28e48e3443fb134c17969c8a06495aa"
  name = "github.com/tendermint/tendermint"
  packages = [
    "crypto",
    "crypto/ed25519",
    "crypto/tmhash",
    "libs/common",
    "libs/log",
  ]
  pruneopts = "UT"
  revision = "d542d2c3945116697f60451e6a407082c41c3cc9"
  version = "v0.22.8"

[[projects]]
  branch = "master"
  digest = "1:b7f908194655deccd9963902f77c111b02c40b622785c68bc93a8de3d3ec38e0"
  name = "github.com/yuin/gopher-lua"
  packages = [
    ".",
    "ast",
    "parse",
    "pm",
  ]
  pruneopts = "UT"
  revision = "b562f9e65c056d7b19a1ba22a1c1f1c52c2b2675"

[[projects]]
  branch = "master"
  digest = "1:f804354850ef747f20e387a75e04dfc64a205ab342f7086b7d77796865ff5ede"
  name = "golang.org/x/crypto"
  packages = ["ripemd160"]
  pruneopts = "UT"
  revision = "aabede6cba87e37f413b3e60ebfc214f8eeca1b0"

[solve-meta]
  analyzer-name = "dep"
  analyzer-version = 1
  input-imports = [
    "github.com/XMNBlockchain/xmnsuite/tools/tests",
    "github.com/satori/go.uuid",
    "github.com/tendermint/go-amino",
    "github.com/tendermint/tendermint/crypto",
    "github.com/tendermint/tendermint/crypto/ed25519",
    "github.com/yuin/gopher-lua",
  ]
  solver-name = "gps-cdcl"
  solver-version = 1
