# This file is autogenerated, do not edit; changes may be undone by the next 'dep ensure'.


[[projects]]
  branch = "master"
  digest = "1:60be14f1b5e2d5e884f87aa1519938c1c5cf000f23d75f64ea5703e2ed14e5d7"
  name = "github.com/XMNBlockchain/xmnsuite"
  packages = [
    "tools/hashtree",
    "tools/tests",
  ]
  pruneopts = "UT"
  revision = "fe63356a5f102004eff5786822cd76158aa352cc"

[[projects]]
  digest = "1:a2c1d0e43bd3baaa071d1b9ed72c27d78169b2b269f71c105ac4ba34b1be4a39"
  name = "github.com/davecgh/go-spew"
  packages = ["spew"]
  pruneopts = "UT"
  revision = "346938d642f2ec3594ed81d874461961cd0faa76"
  version = "v1.1.0"

[[projects]]
  digest = "1:21521550d7ff880eea34405a59287f6be365077b125dc8b5c371f0a4f486ee88"
  name = "github.com/tendermint/go-amino"
  packages = ["."]
  pruneopts = "UT"
  revision = "756cfbe0ef0daff7ad0a82dac8b35891a212aafa"
  version = "v0.11.1"

[solve-meta]
  analyzer-name = "dep"
  analyzer-version = 1
  input-imports = [
    "github.com/XMNBlockchain/xmnsuite/tools/hashtree",
    "github.com/XMNBlockchain/xmnsuite/tools/tests",
    "github.com/tendermint/go-amino",
  ]
  solver-name = "gps-cdcl"
  solver-version = 1
